
Microsoft Visual Studio Solution File, Format Version 12.00
# Visual Studio 2012
Project("{FAE04EC0-301F-11D3-BF4B-00C04F79EFBC}") = "SampleConsole", "Code\SampleConsole\SampleConsole.csproj", "{B4541FDF-359F-426B-B728-F6EFD0617FEA}"
EndProject
Global
	GlobalSection(SolutionConfigurationPlatforms) = preSolution
		Debug|Any CPU = Debug|Any CPU
		Release|Any CPU = Release|Any CPU
	EndGlobalSection
	GlobalSection(ProjectConfigurationPlatforms) = postSolution
		{B4541FDF-359F-426B-B728-F6EFD0617FEA}.Debug|Any CPU.ActiveCfg = Debug|Any CPU
		{B4541FDF-359F-426B-B728-F6EFD0617FEA}.Debug|Any CPU.Build.0 = Debug|Any CPU
		{B4541FDF-359F-426B-B728-F6EFD0617FEA}.Release|Any CPU.ActiveCfg = Release|Any CPU
		{B4541FDF-359F-426B-B728-F6EFD0617FEA}.Release|Any CPU.Build.0 = Release|Any CPU
	EndGlobalSection
	GlobalSection(SolutionProperties) = preSolution
		HideSolutionNode = FALSE
	EndGlobalSection
EndGlobal
